
Microsoft Visual Studio Solution File, Format Version 12.00
# Visual Studio Version 17
VisualStudioVersion = 17.11.35327.3
MinimumVisualStudioVersion = 10.0.40219.1
Project("{8BC9CEB8-8B4A-11D0-8D11-00A0C91BC942}") = "prac-day-two", "prac-day-two.vcxproj", "{739FC3D7-D5E6-43CF-A9A5-FF425DF69B5D}"
EndProject
Global
	GlobalSection(SolutionConfigurationPlatforms) = preSolution
		Debug|x64 = Debug|x64
		Debug|x86 = Debug|x86
		Release|x64 = Release|x64
		Release|x86 = Release|x86
	EndGlobalSection
	GlobalSection(ProjectConfigurationPlatforms) = postSolution
		{739FC3D7-D5E6-43CF-A9A5-FF425DF69B5D}.Debug|x64.ActiveCfg = Debug|x64
		{739FC3D7-D5E6-43CF-A9A5-FF425DF69B5D}.Debug|x64.Build.0 = Debug|x64
		{739FC3D7-D5E6-43CF-A9A5-FF425DF69B5D}.Debug|x86.ActiveCfg = Debug|Win32
		{739FC3D7-D5E6-43CF-A9A5-FF425DF69B5D}.Debug|x86.Build.0 = Debug|Win32
		{739FC3D7-D5E6-43CF-A9A5-FF425DF69B5D}.Release|x64.ActiveCfg = Release|x64
		{739FC3D7-D5E6-43CF-A9A5-FF425DF69B5D}.Release|x64.Build.0 = Release|x64
		{739FC3D7-D5E6-43CF-A9A5-FF425DF69B5D}.Release|x86.ActiveCfg = Release|Win32
		{739FC3D7-D5E6-43CF-A9A5-FF425DF69B5D}.Release|x86.Build.0 = Release|Win32
	EndGlobalSection
	GlobalSection(SolutionProperties) = preSolution
		HideSolutionNode = FALSE
	EndGlobalSection
	GlobalSection(ExtensibilityGlobals) = postSolution
		SolutionGuid = {D8B85C9A-B29D-41B5-8918-FB584EF62545}
	EndGlobalSection
EndGlobal
