
Microsoft Visual Studio Solution File, Format Version 12.00
# Visual Studio Version 17
VisualStudioVersion = 17.11.35327.3
MinimumVisualStudioVersion = 10.0.40219.1
Project("{8BC9CEB8-8B4A-11D0-8D11-00A0C91BC942}") = "prac-day-one", "prac-day-one.vcxproj", "{014AC44E-8E47-4350-9E19-493D4D87505F}"
EndProject
Global
	GlobalSection(SolutionConfigurationPlatforms) = preSolution
		Debug|x64 = Debug|x64
		Debug|x86 = Debug|x86
		Release|x64 = Release|x64
		Release|x86 = Release|x86
	EndGlobalSection
	GlobalSection(ProjectConfigurationPlatforms) = postSolution
		{014AC44E-8E47-4350-9E19-493D4D87505F}.Debug|x64.ActiveCfg = Debug|x64
		{014AC44E-8E47-4350-9E19-493D4D87505F}.Debug|x64.Build.0 = Debug|x64
		{014AC44E-8E47-4350-9E19-493D4D87505F}.Debug|x86.ActiveCfg = Debug|Win32
		{014AC44E-8E47-4350-9E19-493D4D87505F}.Debug|x86.Build.0 = Debug|Win32
		{014AC44E-8E47-4350-9E19-493D4D87505F}.Release|x64.ActiveCfg = Release|x64
		{014AC44E-8E47-4350-9E19-493D4D87505F}.Release|x64.Build.0 = Release|x64
		{014AC44E-8E47-4350-9E19-493D4D87505F}.Release|x86.ActiveCfg = Release|Win32
		{014AC44E-8E47-4350-9E19-493D4D87505F}.Release|x86.Build.0 = Release|Win32
	EndGlobalSection
	GlobalSection(SolutionProperties) = preSolution
		HideSolutionNode = FALSE
	EndGlobalSection
	GlobalSection(ExtensibilityGlobals) = postSolution
		SolutionGuid = {77F992BB-B9E4-4543-BBF3-DD107BAD065E}
	EndGlobalSection
EndGlobal
