
Microsoft Visual Studio Solution File, Format Version 12.00
# Visual Studio Version 17
VisualStudioVersion = 17.11.35327.3
MinimumVisualStudioVersion = 10.0.40219.1
Project("{8BC9CEB8-8B4A-11D0-8D11-00A0C91BC942}") = "linked-list-length", "linked-list-length.vcxproj", "{0F3D614D-A8B2-44A8-ACC6-F633B1DAF176}"
EndProject
Global
	GlobalSection(SolutionConfigurationPlatforms) = preSolution
		Debug|x64 = Debug|x64
		Debug|x86 = Debug|x86
		Release|x64 = Release|x64
		Release|x86 = Release|x86
	EndGlobalSection
	GlobalSection(ProjectConfigurationPlatforms) = postSolution
		{0F3D614D-A8B2-44A8-ACC6-F633B1DAF176}.Debug|x64.ActiveCfg = Debug|x64
		{0F3D614D-A8B2-44A8-ACC6-F633B1DAF176}.Debug|x64.Build.0 = Debug|x64
		{0F3D614D-A8B2-44A8-ACC6-F633B1DAF176}.Debug|x86.ActiveCfg = Debug|Win32
		{0F3D614D-A8B2-44A8-ACC6-F633B1DAF176}.Debug|x86.Build.0 = Debug|Win32
		{0F3D614D-A8B2-44A8-ACC6-F633B1DAF176}.Release|x64.ActiveCfg = Release|x64
		{0F3D614D-A8B2-44A8-ACC6-F633B1DAF176}.Release|x64.Build.0 = Release|x64
		{0F3D614D-A8B2-44A8-ACC6-F633B1DAF176}.Release|x86.ActiveCfg = Release|Win32
		{0F3D614D-A8B2-44A8-ACC6-F633B1DAF176}.Release|x86.Build.0 = Release|Win32
	EndGlobalSection
	GlobalSection(SolutionProperties) = preSolution
		HideSolutionNode = FALSE
	EndGlobalSection
	GlobalSection(ExtensibilityGlobals) = postSolution
		SolutionGuid = {2B1F9736-5BFD-4EC9-9FEF-0E0A786C04D9}
	EndGlobalSection
EndGlobal
